
Microsoft Visual Studio Solution File, Format Version 12.00
# Visual Studio Version 17
VisualStudioVersion = 17.4.33103.184
MinimumVisualStudioVersion = 10.0.40219.1
Project("{FAE04EC0-301F-11D3-BF4B-00C04F79EFBC}") = "TrainingDB", "TrainingDB\TrainingDB.csproj", "{D37AE16F-4C68-4E92-B13D-A8C4D752FDA5}"
EndProject
Project("{FAE04EC0-301F-11D3-BF4B-00C04F79EFBC}") = "training", "training\training.csproj", "{0F7E8F85-FE8C-4338-AA45-0607E0DFE95E}"
EndProject
Global
	GlobalSection(SolutionConfigurationPlatforms) = preSolution
		Debug|Any CPU = Debug|Any CPU
		Release|Any CPU = Release|Any CPU
	EndGlobalSection
	GlobalSection(ProjectConfigurationPlatforms) = postSolution
		{D37AE16F-4C68-4E92-B13D-A8C4D752FDA5}.Debug|Any CPU.ActiveCfg = Debug|Any CPU
		{D37AE16F-4C68-4E92-B13D-A8C4D752FDA5}.Debug|Any CPU.Build.0 = Debug|Any CPU
		{D37AE16F-4C68-4E92-B13D-A8C4D752FDA5}.Release|Any CPU.ActiveCfg = Release|Any CPU
		{D37AE16F-4C68-4E92-B13D-A8C4D752FDA5}.Release|Any CPU.Build.0 = Release|Any CPU
		{0F7E8F85-FE8C-4338-AA45-0607E0DFE95E}.Debug|Any CPU.ActiveCfg = Debug|Any CPU
		{0F7E8F85-FE8C-4338-AA45-0607E0DFE95E}.Debug|Any CPU.Build.0 = Debug|Any CPU
		{0F7E8F85-FE8C-4338-AA45-0607E0DFE95E}.Release|Any CPU.ActiveCfg = Release|Any CPU
		{0F7E8F85-FE8C-4338-AA45-0607E0DFE95E}.Release|Any CPU.Build.0 = Release|Any CPU
	EndGlobalSection
	GlobalSection(SolutionProperties) = preSolution
		HideSolutionNode = FALSE
	EndGlobalSection
	GlobalSection(ExtensibilityGlobals) = postSolution
		SolutionGuid = {36053CAE-4B5B-424F-8752-37CCEF63D872}
	EndGlobalSection
EndGlobal
